
Microsoft Visual Studio Solution File, Format Version 12.00
# Visual Studio Version 17
VisualStudioVersion = 17.10.35122.118
MinimumVisualStudioVersion = 10.0.40219.1
Project("{FAE04EC0-301F-11D3-BF4B-00C04F79EFBC}") = "Library_Management_System", "Library_Management_System.csproj", "{C52F8536-2EAE-4BA9-B518-9AC606D099DA}"
EndProject
Global
	GlobalSection(SolutionConfigurationPlatforms) = preSolution
		Debug|Any CPU = Debug|Any CPU
		Release|Any CPU = Release|Any CPU
	EndGlobalSection
	GlobalSection(ProjectConfigurationPlatforms) = postSolution
		{C52F8536-2EAE-4BA9-B518-9AC606D099DA}.Debug|Any CPU.ActiveCfg = Debug|Any CPU
		{C52F8536-2EAE-4BA9-B518-9AC606D099DA}.Debug|Any CPU.Build.0 = Debug|Any CPU
		{C52F8536-2EAE-4BA9-B518-9AC606D099DA}.Release|Any CPU.ActiveCfg = Release|Any CPU
		{C52F8536-2EAE-4BA9-B518-9AC606D099DA}.Release|Any CPU.Build.0 = Release|Any CPU
	EndGlobalSection
	GlobalSection(SolutionProperties) = preSolution
		HideSolutionNode = FALSE
	EndGlobalSection
	GlobalSection(ExtensibilityGlobals) = postSolution
		SolutionGuid = {B761AC84-AC2C-4B5D-9009-332B784A50C1}
	EndGlobalSection
EndGlobal
